
Microsoft Visual Studio Solution File, Format Version 12.00
# Visual Studio Version 16
VisualStudioVersion = 16.0.30804.86
MinimumVisualStudioVersion = 10.0.40219.1
Project("{FAE04EC0-301F-11D3-BF4B-00C04F79EFBC}") = "Reverse String", "Reverse String\Reverse String.csproj", "{B7864976-13CA-4828-81B8-DBAED01DF44C}"
EndProject
Project("{FAE04EC0-301F-11D3-BF4B-00C04F79EFBC}") = "Simple Calculator", "Simple Calculator\Simple Calculator.csproj", "{AACD37FE-5743-4F3E-8F08-33533BDB98F2}"
EndProject
Global
	GlobalSection(SolutionConfigurationPlatforms) = preSolution
		Debug|Any CPU = Debug|Any CPU
		Release|Any CPU = Release|Any CPU
	EndGlobalSection
	GlobalSection(ProjectConfigurationPlatforms) = postSolution
		{B7864976-13CA-4828-81B8-DBAED01DF44C}.Debug|Any CPU.ActiveCfg = Debug|Any CPU
		{B7864976-13CA-4828-81B8-DBAED01DF44C}.Debug|Any CPU.Build.0 = Debug|Any CPU
		{B7864976-13CA-4828-81B8-DBAED01DF44C}.Release|Any CPU.ActiveCfg = Release|Any CPU
		{B7864976-13CA-4828-81B8-DBAED01DF44C}.Release|Any CPU.Build.0 = Release|Any CPU
		{AACD37FE-5743-4F3E-8F08-33533BDB98F2}.Debug|Any CPU.ActiveCfg = Debug|Any CPU
		{AACD37FE-5743-4F3E-8F08-33533BDB98F2}.Debug|Any CPU.Build.0 = Debug|Any CPU
		{AACD37FE-5743-4F3E-8F08-33533BDB98F2}.Release|Any CPU.ActiveCfg = Release|Any CPU
		{AACD37FE-5743-4F3E-8F08-33533BDB98F2}.Release|Any CPU.Build.0 = Release|Any CPU
	EndGlobalSection
	GlobalSection(SolutionProperties) = preSolution
		HideSolutionNode = FALSE
	EndGlobalSection
	GlobalSection(ExtensibilityGlobals) = postSolution
		SolutionGuid = {786B1B7C-54A8-4A40-9EAF-B33DFA6A06A7}
	EndGlobalSection
EndGlobal
