
Microsoft Visual Studio Solution File, Format Version 12.00
# Visual Studio Version 16
VisualStudioVersion = 16.0.30804.86
MinimumVisualStudioVersion = 10.0.40219.1
Project("{9A19103F-16F7-4668-BE54-9A1E7A4F7556}") = "Balanced Parenthese", "Balanced Parenthese.csproj", "{5A2FA4DE-5A68-4140-9686-35E0F5A60E14}"
EndProject
Project("{9A19103F-16F7-4668-BE54-9A1E7A4F7556}") = "Key Revolver", "..\Key Revolver\Key Revolver.csproj", "{840E3DE3-2258-4CC0-ABC6-8EAC380AD090}"
EndProject
Project("{FAE04EC0-301F-11D3-BF4B-00C04F79EFBC}") = "Simple Text Editor", "..\Simple Text Editor\Simple Text Editor.csproj", "{25C9F8C5-FF37-41EA-83A5-EDD4A23DC1FA}"
EndProject
Project("{FAE04EC0-301F-11D3-BF4B-00C04F79EFBC}") = "crossroads", "..\crossroads\crossroads.csproj", "{1CEE5AE5-A74A-4C36-8CE0-6B406AF080DE}"
EndProject
Global
	GlobalSection(SolutionConfigurationPlatforms) = preSolution
		Debug|Any CPU = Debug|Any CPU
		Release|Any CPU = Release|Any CPU
	EndGlobalSection
	GlobalSection(ProjectConfigurationPlatforms) = postSolution
		{5A2FA4DE-5A68-4140-9686-35E0F5A60E14}.Debug|Any CPU.ActiveCfg = Debug|Any CPU
		{5A2FA4DE-5A68-4140-9686-35E0F5A60E14}.Debug|Any CPU.Build.0 = Debug|Any CPU
		{5A2FA4DE-5A68-4140-9686-35E0F5A60E14}.Release|Any CPU.ActiveCfg = Release|Any CPU
		{5A2FA4DE-5A68-4140-9686-35E0F5A60E14}.Release|Any CPU.Build.0 = Release|Any CPU
		{840E3DE3-2258-4CC0-ABC6-8EAC380AD090}.Debug|Any CPU.ActiveCfg = Debug|Any CPU
		{840E3DE3-2258-4CC0-ABC6-8EAC380AD090}.Debug|Any CPU.Build.0 = Debug|Any CPU
		{840E3DE3-2258-4CC0-ABC6-8EAC380AD090}.Release|Any CPU.ActiveCfg = Release|Any CPU
		{840E3DE3-2258-4CC0-ABC6-8EAC380AD090}.Release|Any CPU.Build.0 = Release|Any CPU
		{25C9F8C5-FF37-41EA-83A5-EDD4A23DC1FA}.Debug|Any CPU.ActiveCfg = Debug|Any CPU
		{25C9F8C5-FF37-41EA-83A5-EDD4A23DC1FA}.Debug|Any CPU.Build.0 = Debug|Any CPU
		{25C9F8C5-FF37-41EA-83A5-EDD4A23DC1FA}.Release|Any CPU.ActiveCfg = Release|Any CPU
		{25C9F8C5-FF37-41EA-83A5-EDD4A23DC1FA}.Release|Any CPU.Build.0 = Release|Any CPU
		{1CEE5AE5-A74A-4C36-8CE0-6B406AF080DE}.Debug|Any CPU.ActiveCfg = Debug|Any CPU
		{1CEE5AE5-A74A-4C36-8CE0-6B406AF080DE}.Debug|Any CPU.Build.0 = Debug|Any CPU
		{1CEE5AE5-A74A-4C36-8CE0-6B406AF080DE}.Release|Any CPU.ActiveCfg = Release|Any CPU
		{1CEE5AE5-A74A-4C36-8CE0-6B406AF080DE}.Release|Any CPU.Build.0 = Release|Any CPU
	EndGlobalSection
	GlobalSection(SolutionProperties) = preSolution
		HideSolutionNode = FALSE
	EndGlobalSection
	GlobalSection(ExtensibilityGlobals) = postSolution
		SolutionGuid = {7AE89388-08FC-4BC4-B397-10655839916F}
	EndGlobalSection
EndGlobal
