
Microsoft Visual Studio Solution File, Format Version 12.00
# Visual Studio Version 16
VisualStudioVersion = 16.0.30804.86
MinimumVisualStudioVersion = 10.0.40219.1
Project("{FAE04EC0-301F-11D3-BF4B-00C04F79EFBC}") = "Gas Stations", "Gas Stations.csproj", "{B83E65C7-EADD-4D85-9F1F-8AB7C8A14EF0}"
EndProject
Global
	GlobalSection(SolutionConfigurationPlatforms) = preSolution
		Debug|Any CPU = Debug|Any CPU
		Release|Any CPU = Release|Any CPU
	EndGlobalSection
	GlobalSection(ProjectConfigurationPlatforms) = postSolution
		{B83E65C7-EADD-4D85-9F1F-8AB7C8A14EF0}.Debug|Any CPU.ActiveCfg = Debug|Any CPU
		{B83E65C7-EADD-4D85-9F1F-8AB7C8A14EF0}.Debug|Any CPU.Build.0 = Debug|Any CPU
		{B83E65C7-EADD-4D85-9F1F-8AB7C8A14EF0}.Release|Any CPU.ActiveCfg = Release|Any CPU
		{B83E65C7-EADD-4D85-9F1F-8AB7C8A14EF0}.Release|Any CPU.Build.0 = Release|Any CPU
	EndGlobalSection
	GlobalSection(SolutionProperties) = preSolution
		HideSolutionNode = FALSE
	EndGlobalSection
	GlobalSection(ExtensibilityGlobals) = postSolution
		SolutionGuid = {2FDA77D6-13A3-4D9D-9E2D-305C61B4890D}
	EndGlobalSection
EndGlobal
