
Microsoft Visual Studio Solution File, Format Version 12.00
# Visual Studio Version 16
VisualStudioVersion = 16.0.30804.86
MinimumVisualStudioVersion = 10.0.40219.1
Project("{9A19103F-16F7-4668-BE54-9A1E7A4F7556}") = "Flower Weaths", "Flower Weaths.csproj", "{75A6C09A-54AD-4115-B148-E9CE6F5F5835}"
EndProject
Project("{9A19103F-16F7-4668-BE54-9A1E7A4F7556}") = "Bee", "..\Bee\Bee.csproj", "{1991C031-4571-49B1-9870-B018BB854671}"
EndProject
Project("{FAE04EC0-301F-11D3-BF4B-00C04F79EFBC}") = "Vet Clinic", "..\Vet Clinic\Vet Clinic.csproj", "{748E0C3C-1F6B-4E88-AC87-BF0485F71800}"
EndProject
Global
	GlobalSection(SolutionConfigurationPlatforms) = preSolution
		Debug|Any CPU = Debug|Any CPU
		Release|Any CPU = Release|Any CPU
	EndGlobalSection
	GlobalSection(ProjectConfigurationPlatforms) = postSolution
		{75A6C09A-54AD-4115-B148-E9CE6F5F5835}.Debug|Any CPU.ActiveCfg = Debug|Any CPU
		{75A6C09A-54AD-4115-B148-E9CE6F5F5835}.Debug|Any CPU.Build.0 = Debug|Any CPU
		{75A6C09A-54AD-4115-B148-E9CE6F5F5835}.Release|Any CPU.ActiveCfg = Release|Any CPU
		{75A6C09A-54AD-4115-B148-E9CE6F5F5835}.Release|Any CPU.Build.0 = Release|Any CPU
		{1991C031-4571-49B1-9870-B018BB854671}.Debug|Any CPU.ActiveCfg = Debug|Any CPU
		{1991C031-4571-49B1-9870-B018BB854671}.Debug|Any CPU.Build.0 = Debug|Any CPU
		{1991C031-4571-49B1-9870-B018BB854671}.Release|Any CPU.ActiveCfg = Release|Any CPU
		{1991C031-4571-49B1-9870-B018BB854671}.Release|Any CPU.Build.0 = Release|Any CPU
		{748E0C3C-1F6B-4E88-AC87-BF0485F71800}.Debug|Any CPU.ActiveCfg = Debug|Any CPU
		{748E0C3C-1F6B-4E88-AC87-BF0485F71800}.Debug|Any CPU.Build.0 = Debug|Any CPU
		{748E0C3C-1F6B-4E88-AC87-BF0485F71800}.Release|Any CPU.ActiveCfg = Release|Any CPU
		{748E0C3C-1F6B-4E88-AC87-BF0485F71800}.Release|Any CPU.Build.0 = Release|Any CPU
	EndGlobalSection
	GlobalSection(SolutionProperties) = preSolution
		HideSolutionNode = FALSE
	EndGlobalSection
	GlobalSection(ExtensibilityGlobals) = postSolution
		SolutionGuid = {DD63ACD7-3697-432A-A8C8-ECA7B216AE1F}
	EndGlobalSection
EndGlobal
